
Microsoft Visual Studio Solution File, Format Version 12.00
# Visual Studio 2015
Project("{FAE04EC0-301F-11D3-BF4B-00C04F79EFBC}") = "AR_Pet", "AR_Pet.csproj", "{592CB054-A87A-A777-BBC6-89D027AFEA4E}"
EndProject
Project("{FAE04EC0-301F-11D3-BF4B-00C04F79EFBC}") = "AR_Pet.Editor", "AR_Pet.Editor.csproj", "{38B5FEB5-6199-6FDD-F50A-63432E3FD40E}"
EndProject
Global
	GlobalSection(SolutionConfigurationPlatforms) = preSolution
		Debug|Any CPU = Debug|Any CPU
		Release|Any CPU = Release|Any CPU
	EndGlobalSection
	GlobalSection(ProjectConfigurationPlatforms) = postSolution
		{592CB054-A87A-A777-BBC6-89D027AFEA4E}.Debug|Any CPU.ActiveCfg = Debug|Any CPU
		{592CB054-A87A-A777-BBC6-89D027AFEA4E}.Debug|Any CPU.Build.0 = Debug|Any CPU
		{592CB054-A87A-A777-BBC6-89D027AFEA4E}.Release|Any CPU.ActiveCfg = Release|Any CPU
		{592CB054-A87A-A777-BBC6-89D027AFEA4E}.Release|Any CPU.Build.0 = Release|Any CPU
		{38B5FEB5-6199-6FDD-F50A-63432E3FD40E}.Debug|Any CPU.ActiveCfg = Debug|Any CPU
		{38B5FEB5-6199-6FDD-F50A-63432E3FD40E}.Debug|Any CPU.Build.0 = Debug|Any CPU
		{38B5FEB5-6199-6FDD-F50A-63432E3FD40E}.Release|Any CPU.ActiveCfg = Release|Any CPU
		{38B5FEB5-6199-6FDD-F50A-63432E3FD40E}.Release|Any CPU.Build.0 = Release|Any CPU
	EndGlobalSection
	GlobalSection(SolutionProperties) = preSolution
		HideSolutionNode = FALSE
	EndGlobalSection
EndGlobal
